
Microsoft Visual Studio Solution File, Format Version 12.00
# Visual Studio Version 16
VisualStudioVersion = 16.0.810.25
MinimumVisualStudioVersion = 10.0.40219.1
Project("{FAE04EC0-301F-11D3-BF4B-00C04F79EFBC}") = "CarMaintenance", "CarMaintenance\CarMaintenance.csproj", "{54CA0F38-96BE-42D1-97DE-C370AF3DCFC4}"
EndProject
Global
	GlobalSection(SolutionConfigurationPlatforms) = preSolution
		Debug|Any CPU = Debug|Any CPU
		Release|Any CPU = Release|Any CPU
	EndGlobalSection
	GlobalSection(ProjectConfigurationPlatforms) = postSolution
		{54CA0F38-96BE-42D1-97DE-C370AF3DCFC4}.Debug|Any CPU.ActiveCfg = Debug|Any CPU
		{54CA0F38-96BE-42D1-97DE-C370AF3DCFC4}.Debug|Any CPU.Build.0 = Debug|Any CPU
		{54CA0F38-96BE-42D1-97DE-C370AF3DCFC4}.Release|Any CPU.ActiveCfg = Release|Any CPU
		{54CA0F38-96BE-42D1-97DE-C370AF3DCFC4}.Release|Any CPU.Build.0 = Release|Any CPU
	EndGlobalSection
	GlobalSection(SolutionProperties) = preSolution
		HideSolutionNode = FALSE
	EndGlobalSection
	GlobalSection(ExtensibilityGlobals) = postSolution
		SolutionGuid = {5E959A64-C45F-44FF-AFCC-931BCB3E6C4F}
	EndGlobalSection
EndGlobal
